version = 1
revision = 3
requires-python = ">=3.13"

[manifest]
members = [
    "comersal-catalogos",
    "comersal-facturas",
    "comersal-integrations",
    "comersal-pedidos",
]

[[package]]
name = "comersal-catalogos"
version = "0.1.0"
source = { editable = "lambdas/catalogos" }
dependencies = [
    { name = "comersal-shared" },
    { name = "pymssql" },
]

[package.metadata]
requires-dist = [
    { name = "comersal-shared", editable = "packages/shared" },
    { name = "pymssql", specifier = ">=2.2.11" },
]

[[package]]
name = "comersal-facturas"
version = "0.1.0"
source = { editable = "lambdas/facturas" }
dependencies = [
    { name = "comersal-shared" },
    { name = "pymssql" },
]

[package.metadata]
requires-dist = [
    { name = "comersal-shared", editable = "packages/shared" },
    { name = "pymssql", specifier = ">=2.2.11" },
]

[[package]]
name = "comersal-integrations"
version = "0.1.0"
source = { virtual = "." }

[[package]]
name = "comersal-pedidos"
version = "0.1.0"
source = { editable = "lambdas/pedidos" }
dependencies = [
    { name = "comersal-shared" },
    { name = "pymssql" },
]

[package.metadata]
requires-dist = [
    { name = "comersal-shared", editable = "packages/shared" },
    { name = "pymssql", specifier = ">=2.2.11" },
]

[[package]]
name = "comersal-shared"
version = "0.1.0"
source = { editable = "packages/shared" }
dependencies = [
    { name = "pymssql" },
]

[package.metadata]
requires-dist = [{ name = "pymssql", specifier = ">=2.2.11" }]

[[package]]
name = "pymssql"
version = "2.3.13"
source = { registry = "https://pypi.org/simple" }
sdist = { url = "https://files.pythonhosted.org/packages/7a/cc/843c044b7f71ee329436b7327c578383e2f2499313899f88ad267cdf1f33/pymssql-2.3.13.tar.gz", hash = "sha256:2137e904b1a65546be4ccb96730a391fcd5a85aab8a0632721feb5d7e39cfbce", size = 203153, upload-time = "2026-02-14T05:00:36.865Z" }
wheels = [
    { url = "https://files.pythonhosted.org/packages/d4/4f/ee15b1f6b11e7c3accdc7da7840a019b63f12ba09eaa008acc601182f516/pymssql-2.3.13-cp313-cp313-macosx_14_0_arm64.whl", hash = "sha256:30918bb044242865c01838909777ef5e0f1b9ecd7f5882346aefa57f4414b29c", size = 3156333, upload-time = "2026-02-14T05:00:01.21Z" },
    { url = "https://files.pythonhosted.org/packages/79/03/aea5c77bad4a52649a1d9f786a1d9ce1c83d50f1a75df288e292737b6d80/pymssql-2.3.13-cp313-cp313-macosx_15_0_x86_64.whl", hash = "sha256:1c6d0b2d7961f159a07e4f0d8cc81f70ceab83f5e7fd1e832a2d069e1d67ee4e", size = 2957990, upload-time = "2026-02-14T05:00:03.11Z" },
    { url = "https://files.pythonhosted.org/packages/5f/f8/30ac16fba32ff066b05f12c392d7b812fe11f06cb62d1d86ca5177c50a8b/pymssql-2.3.13-cp313-cp313-manylinux_2_27_aarch64.manylinux_2_28_aarch64.whl", hash = "sha256:16c5957a3c9e51a03276bfd76a22431e2bc4c565e2e95f2cbb3559312edda230", size = 3065264, upload-time = "2026-02-14T05:00:05.377Z" },
    { url = "https://files.pythonhosted.org/packages/a9/98/7568447bf85921d21453fd56e19b6c9591d595fde0546c5a569f3ae937a8/pymssql-2.3.13-cp313-cp313-manylinux_2_27_x86_64.manylinux_2_28_x86_64.whl", hash = "sha256:0fddd24efe9d18bbf174fab7c6745b0927773718387f5517cf8082241f721a68", size = 3190039, upload-time = "2026-02-14T05:00:06.925Z" },
    { url = "https://files.pythonhosted.org/packages/35/f1/4d9d275ebaac42cdd49d40d504ccb648f27710660c8b60cc427752438c09/pymssql-2.3.13-cp313-cp313-musllinux_1_2_aarch64.whl", hash = "sha256:123c55ee41bc7a82c76db12e2eb189b50d0d7a11222b4f8789206d1cda3b33b9", size = 3710151, upload-time = "2026-02-14T05:00:08.424Z" },
    { url = "https://files.pythonhosted.org/packages/6f/bd/a5cc6244fd27d3ea0cc82f12a7d38a24d7fd90b0022afd250014e8bfba15/pymssql-2.3.13-cp313-cp313-musllinux_1_2_x86_64.whl", hash = "sha256:e053b443e842f9e1698fcb2b23a4bff1ff3d410894d880064e754ad823d541e5", size = 3453156, upload-time = "2026-02-14T05:00:09.978Z" },
    { url = "https://files.pythonhosted.org/packages/26/d0/c20ff0bbffd18db528bcc7b0c68b25c12ad563ed67c56ceca87c58f7399e/pymssql-2.3.13-cp313-cp313-win_amd64.whl", hash = "sha256:5c045c0f1977a679cc30d5acd9da3f8aeb2dc6e744895b26444b4a2f20dad9a0", size = 1995236, upload-time = "2026-02-14T05:00:11.495Z" },
    { url = "https://files.pythonhosted.org/packages/ec/5f/6b64f78181d680f655ab40ba7b34cb68c045a2f4e04a10a70d768cd383b7/pymssql-2.3.13-cp314-cp314-macosx_14_0_arm64.whl", hash = "sha256:fc5482969c813b0a45ce51c41844ae5bfa8044ad5ef8b4820ef6de7d4545b7f2", size = 3158377, upload-time = "2026-02-14T05:00:13.581Z" },
    { url = "https://files.pythonhosted.org/packages/ff/24/155dbb0992c431496d440f47fb9d587cd0059ee20baf65e3d891794d862a/pymssql-2.3.13-cp314-cp314-macosx_15_0_x86_64.whl", hash = "sha256:ff5be7ab1d643dbce2ee3424d2ef9ae8e4146cf75bd20946bc7a6108e3ad1e47", size = 2959039, upload-time = "2026-02-14T05:00:15.883Z" },
    { url = "https://files.pythonhosted.org/packages/c9/89/b453dd1b1188779621fb974ac715ab2e738f4a0b69f7291ab014298bd80d/pymssql-2.3.13-cp314-cp314-manylinux_2_27_aarch64.manylinux_2_28_aarch64.whl", hash = "sha256:8d66ce0a249d2e3b57369048d71e1f00d08dfb90a758d134da0250ae7bc739c1", size = 3063862, upload-time = "2026-02-14T05:00:17.537Z" },
    { url = "https://files.pythonhosted.org/packages/02/e5/96f57c78162013678ecc3f3f7e5fb52c83ee07beef26906d0870770c3ef6/pymssql-2.3.13-cp314-cp314-manylinux_2_27_x86_64.manylinux_2_28_x86_64.whl", hash = "sha256:d663c908414a6a032f04d17628138b1782af916afc0df9fefac4751fa394c3ac", size = 3188155, upload-time = "2026-02-14T05:00:19.011Z" },
    { url = "https://files.pythonhosted.org/packages/cd/a2/4bee9484734ae0c55d10a2f6ff82dd4e416f52420755161b8760c817ad64/pymssql-2.3.13-cp314-cp314-musllinux_1_2_aarch64.whl", hash = "sha256:aa5e07eff7e6e8bd4ba22c30e4cb8dd073e138cd272090603609a15cc5dbc75b", size = 3709344, upload-time = "2026-02-14T05:00:21.139Z" },
    { url = "https://files.pythonhosted.org/packages/37/cf/3520d96afa213c88db4f4a1988199db476d869a62afdd5d9c4635c184631/pymssql-2.3.13-cp314-cp314-musllinux_1_2_x86_64.whl", hash = "sha256:db77da1a3fc9b5b5c5400639d79d7658ba7ad620957100c5b025be608b562193", size = 3451799, upload-time = "2026-02-14T05:00:22.504Z" },
    { url = "https://files.pythonhosted.org/packages/25/50/4be9bd9cf4b43208a7175117a533ece200cfe4131a39f9909bdc7560ddeb/pymssql-2.3.13-cp314-cp314-win_amd64.whl", hash = "sha256:7d7037d2b5b907acc7906d0479924db2935a70c720450c41339146a4ada2b93d", size = 2049139, upload-time = "2026-02-14T05:00:23.951Z" },
]
